
Microsoft Visual Studio Solution File, Format Version 12.00
# Visual Studio Version 17
VisualStudioVersion = 17.0.32112.339
MinimumVisualStudioVersion = 10.0.40219.1
Project("{FAE04EC0-301F-11D3-BF4B-00C04F79EFBC}") = "StormDeLeon", "StormDeLeon\StormDeLeon.csproj", "{D81697DC-7FFA-4BC8-AC03-578D6465D4A5}"
EndProject
Global
	GlobalSection(SolutionConfigurationPlatforms) = preSolution
		Debug|Any CPU = Debug|Any CPU
		Release|Any CPU = Release|Any CPU
	EndGlobalSection
	GlobalSection(ProjectConfigurationPlatforms) = postSolution
		{D81697DC-7FFA-4BC8-AC03-578D6465D4A5}.Debug|Any CPU.ActiveCfg = Debug|Any CPU
		{D81697DC-7FFA-4BC8-AC03-578D6465D4A5}.Debug|Any CPU.Build.0 = Debug|Any CPU
		{D81697DC-7FFA-4BC8-AC03-578D6465D4A5}.Release|Any CPU.ActiveCfg = Release|Any CPU
		{D81697DC-7FFA-4BC8-AC03-578D6465D4A5}.Release|Any CPU.Build.0 = Release|Any CPU
	EndGlobalSection
	GlobalSection(SolutionProperties) = preSolution
		HideSolutionNode = FALSE
	EndGlobalSection
	GlobalSection(ExtensibilityGlobals) = postSolution
		SolutionGuid = {B58101B8-462C-4795-B32A-5E020E7C582D}
	EndGlobalSection
EndGlobal
